{
  "name": "cli",
  "version": "0.0.1",
  "lockfileVersion": 1,
  "requires": true,
  "dependencies": {
    "commander": {
      "version": "7.2.0",
      "resolved": "https://registry.npm.taobao.org/commander/download/commander-7.2.0.tgz",
      "integrity": "sha1-o2y1fQtQHOEI5NIFWaFQo5HZerc="
    },
    "cross-spawn": {
      "version": "7.0.3",
      "resolved": "https://registry.npm.taobao.org/cross-spawn/download/cross-spawn-7.0.3.tgz?cache=0&sync_timestamp=1609302869441&other_urls=https%3A%2F%2Fregistry.npm.taobao.org%2Fcross-spawn%2Fdownload%2Fcross-spawn-7.0.3.tgz",
      "integrity": "sha1-9zqFudXUHQRVUcF34ogtSshXKKY=",
      "requires": {
        "path-key": "^3.1.0",
        "shebang-command": "^2.0.0",
        "which": "^2.0.1"
      }
    },
    "execa": {
      "version": "5.0.0",
      "resolved": "https://registry.npm.taobao.org/execa/download/execa-5.0.0.tgz",
      "integrity": "sha1-QCmwAHmYqEH70QMuX03oajweM3Y=",
      "requires": {
        "cross-spawn": "^7.0.3",
        "get-stream": "^6.0.0",
        "human-signals": "^2.1.0",
        "is-stream": "^2.0.0",
        "merge-stream": "^2.0.0",
        "npm-run-path": "^4.0.1",
        "onetime": "^5.1.2",
        "signal-exit": "^3.0.3",
        "strip-final-newline": "^2.0.0"
      }
    },
    "get-stream": {
      "version": "6.0.0",
      "resolved": "https://registry.npm.taobao.org/get-stream/download/get-stream-6.0.0.tgz?cache=0&sync_timestamp=1597056535605&other_urls=https%3A%2F%2Fregistry.npm.taobao.org%2Fget-stream%2Fdownload%2Fget-stream-6.0.0.tgz",
      "integrity": "sha1-PgASy2gnMZ2icG5gGhWD6GKaZxg="
    },
    "human-signals": {
      "version": "2.1.0",
      "resolved": "https://registry.npm.taobao.org/human-signals/download/human-signals-2.1.0.tgz",
      "integrity": "sha1-3JH8ukLk0G5Kuu0zs+ejwC9RTqA="
    },
    "is-stream": {
      "version": "2.0.0",
      "resolved": "https://registry.npm.taobao.org/is-stream/download/is-stream-2.0.0.tgz",
      "integrity": "sha1-venDJoDW+uBBKdasnZIc54FfeOM="
    },
    "isexe": {
      "version": "2.0.0",
      "resolved": "https://registry.npm.taobao.org/isexe/download/isexe-2.0.0.tgz",
      "integrity": "sha1-6PvzdNxVb/iUehDcsFctYz8s+hA="
    },
    "merge-stream": {
      "version": "2.0.0",
      "resolved": "https://registry.npm.taobao.org/merge-stream/download/merge-stream-2.0.0.tgz",
      "integrity": "sha1-UoI2KaFN0AyXcPtq1H3GMQ8sH2A="
    },
    "mimic-fn": {
      "version": "2.1.0",
      "resolved": "https://registry.npm.taobao.org/mimic-fn/download/mimic-fn-2.1.0.tgz?cache=0&sync_timestamp=1596094012686&other_urls=https%3A%2F%2Fregistry.npm.taobao.org%2Fmimic-fn%2Fdownload%2Fmimic-fn-2.1.0.tgz",
      "integrity": "sha1-ftLCzMyvhNP/y3pptXcR/CCDQBs="
    },
    "npm-run-path": {
      "version": "4.0.1",
      "resolved": "https://registry.npm.taobao.org/npm-run-path/download/npm-run-path-4.0.1.tgz",
      "integrity": "sha1-t+zR5e1T2o43pV4cImnguX7XSOo=",
      "requires": {
        "path-key": "^3.0.0"
      }
    },
    "onetime": {
      "version": "5.1.2",
      "resolved": "https://registry.npm.taobao.org/onetime/download/onetime-5.1.2.tgz?cache=0&sync_timestamp=1597005190531&other_urls=https%3A%2F%2Fregistry.npm.taobao.org%2Fonetime%2Fdownload%2Fonetime-5.1.2.tgz",
      "integrity": "sha1-0Oluu1awdHbfHdnEgG5SN5hcpF4=",
      "requires": {
        "mimic-fn": "^2.1.0"
      }
    },
    "path-key": {
      "version": "3.1.1",
      "resolved": "https://registry.npm.taobao.org/path-key/download/path-key-3.1.1.tgz",
      "integrity": "sha1-WB9q3mWMu6ZaDTOA3ndTKVBU83U="
    },
    "shebang-command": {
      "version": "2.0.0",
      "resolved": "https://registry.npm.taobao.org/shebang-command/download/shebang-command-2.0.0.tgz",
      "integrity": "sha1-zNCvT4g1+9wmW4JGGq8MNmY/NOo=",
      "requires": {
        "shebang-regex": "^3.0.0"
      }
    },
    "shebang-regex": {
      "version": "3.0.0",
      "resolved": "https://registry.npm.taobao.org/shebang-regex/download/shebang-regex-3.0.0.tgz",
      "integrity": "sha1-rhbxZE2HPsrYQ7AwexQzYtTEIXI="
    },
    "signal-exit": {
      "version": "3.0.3",
      "resolved": "https://registry.npm.taobao.org/signal-exit/download/signal-exit-3.0.3.tgz",
      "integrity": "sha1-oUEMLt2PB3sItOJTyOrPyvBXRhw="
    },
    "strip-final-newline": {
      "version": "2.0.0",
      "resolved": "https://registry.npm.taobao.org/strip-final-newline/download/strip-final-newline-2.0.0.tgz",
      "integrity": "sha1-ibhS+y/L6Tb29LMYevsKEsGrWK0="
    },
    "which": {
      "version": "2.0.2",
      "resolved": "https://registry.npm.taobao.org/which/download/which-2.0.2.tgz",
      "integrity": "sha1-fGqN0KY2oDJ+ELWckobu6T8/UbE=",
      "requires": {
        "isexe": "^2.0.0"
      }
    }
  }
}
